<?xml version="1.0" encoding="utf-8"?>
<Project ToolsVersion="4.0" xmlns="http://schemas.microsoft.com/developer/msbuild/2003">
  <ItemGroup>
    <Filter Include="Source Files">
      <UniqueIdentifier>{4FC737F1-C7A5-4376-A066-2A32D752A2FF}</UniqueIdentifier>
      <Extensions>cpp;c;cc;cxx;def;odl;idl;hpj;bat;asm;asmx</Extensions>
    </Filter>
    <Filter Include="Header Files">
      <UniqueIdentifier>{93995380-89BD-4b04-88EB-625FBE52EBFB}</UniqueIdentifier>
      <Extensions>h;hh;hpp;hxx;hm;inl;inc;xsd</Extensions>
    </Filter>
    <Filter Include="Resource Files">
      <UniqueIdentifier>{67DA6AB6-F800-4c08-8B7A-83BB121AAD01}</UniqueIdentifier>
      <Extensions>rc;ico;cur;bmp;dlg;rc2;rct;bin;rgs;gif;jpg;jpeg;jpe;resx;tiff;tif;png;wav;mfcribbon-ms</Extensions>
    </Filter>
  </ItemGroup>
  <ItemGroup>
    <ClCompile Include="SQLiteManager.cpp">
      <Filter>Source Files</Filter>
    </ClCompile>
    <ClCompile Include="DataProcessor.cpp">
      <Filter>Source Files</Filter>
    </ClCompile>
    <ClCompile Include="Transition.cpp">
      <Filter>Source Files</Filter>
    </ClCompile>
    <ClCompile Include="Situation.cpp">
      <Filter>Source Files</Filter>
    </ClCompile>
    <ClCompile Include="PredicateVehicle.cpp">
      <Filter>Source Files</Filter>
    </ClCompile>
    <ClCompile Include="VehicleData.cpp">
      <Filter>Source Files</Filter>
    </ClCompile>
    <ClCompile Include="TransitionGenerator.cpp">
      <Filter>Source Files</Filter>
    </ClCompile>
    <ClCompile Include="PredicateConstructor.cpp">
      <Filter>Source Files</Filter>
    </ClCompile>
    <ClCompile Include="sqlite3.c">
      <Filter>Source Files</Filter>
    </ClCompile>
    <ClCompile Include="SituationGraph.cpp">
      <Filter>Source Files</Filter>
    </ClCompile>
  </ItemGroup>
  <ItemGroup>
    <ClInclude Include="DataManager.h">
      <Filter>Header Files</Filter>
    </ClInclude>
    <ClInclude Include="SQLiteManager.h">
      <Filter>Header Files</Filter>
    </ClInclude>
    <ClInclude Include="DataProcessor.h">
      <Filter>Header Files</Filter>
    </ClInclude>
    <ClInclude Include="recording_api.h">
      <Filter>Header Files</Filter>
    </ClInclude>
    <ClInclude Include="Transition.h">
      <Filter>Header Files</Filter>
    </ClInclude>
    <ClInclude Include="Situation.h">
      <Filter>Header Files</Filter>
    </ClInclude>
    <ClInclude Include="PredicateVehicle.h">
      <Filter>Header Files</Filter>
    </ClInclude>
    <ClInclude Include="VehicleData.h">
      <Filter>Header Files</Filter>
    </ClInclude>
    <ClInclude Include="TransitionGenerator.h">
      <Filter>Header Files</Filter>
    </ClInclude>
    <ClInclude Include="PredicateValues.h">
      <Filter>Header Files</Filter>
    </ClInclude>
    <ClInclude Include="PredicateConstructor.h">
      <Filter>Header Files</Filter>
    </ClInclude>
    <ClInclude Include="sqlite3.h">
      <Filter>Header Files</Filter>
    </ClInclude>
    <ClInclude Include="sqlite3ext.h">
      <Filter>Header Files</Filter>
    </ClInclude>
    <ClInclude Include="SituationGraph.h">
      <Filter>Header Files</Filter>
    </ClInclude>
  </ItemGroup>
  <ItemGroup>
    <None Include="sql\CreateSQLDatabase.sql" />
    <None Include="sql\GetObjectID.sql" />
    <None Include="sql\InsertVehicle.sql" />
    <None Include="sql\InsertObjectValue.sql" />
    <None Include="sql\GetSituationID.sql" />
    <None Include="sql\GetTransitionCount.sql" />
    <None Include="sql\InsertSituation.sql" />
    <None Include="sql\InsertSituationObject.sql" />
    <None Include="sql\IncrementTransitionCount.sql" />
    <None Include="sql\InsertTransition.sql" />
    <None Include="sql\RetrieveSituationObjectIDs.sql" />
    <None Include="sql\RetrieveVehicle.sql" />
    <None Include="sql\GetTransitionsFromSituation.sql" />
    <None Include="sql\RetrieveAllTransitions.sql" />
    <None Include="sql\GetMaxObjects.sql" />
    <None Include="sql\GetNumberOfSituations.sql" />
  </ItemGroup>
</Project>